// !$*UTF8*$!
{
	archiveVersion = 1;
	classes = {
	};
	objectVersion = 56;
	objects = {

/* Begin PBXBuildFile section */
		268007102943BE7600554EAF /* Socket.swift in Sources */ = {isa = PBXBuildFile; fileRef = 2680070F2943BE7600554EAF /* Socket.swift */; };
		268C0738294246FF0054EED7 /* MusincClient2App.swift in Sources */ = {isa = PBXBuildFile; fileRef = 268C0737294246FF0054EED7 /* MusincClient2App.swift */; };
		268C073A294246FF0054EED7 /* ContentView.swift in Sources */ = {isa = PBXBuildFile; fileRef = 268C0739294246FF0054EED7 /* ContentView.swift */; };
		268C073C294247030054EED7 /* Assets.xcassets in Resources */ = {isa = PBXBuildFile; fileRef = 268C073B294247030054EED7 /* Assets.xcassets */; };
		268C073F294247030054EED7 /* Preview Assets.xcassets in Resources */ = {isa = PBXBuildFile; fileRef = 268C073E294247030054EED7 /* Preview Assets.xcassets */; };
		268C0749294247030054EED7 /* MusincClient2Tests.swift in Sources */ = {isa = PBXBuildFile; fileRef = 268C0748294247030054EED7 /* MusincClient2Tests.swift */; };
		268C0753294247040054EED7 /* MusincClient2UITests.swift in Sources */ = {isa = PBXBuildFile; fileRef = 268C0752294247040054EED7 /* MusincClient2UITests.swift */; };
		268C0755294247040054EED7 /* MusincClient2UITestsLaunchTests.swift in Sources */ = {isa = PBXBuildFile; fileRef = 268C0754294247040054EED7 /* MusincClient2UITestsLaunchTests.swift */; };
		FE7B59CD9F5E3413F195FA2F /* Pods_MusincClient2.framework in Frameworks */ = {isa = PBXBuildFile; fileRef = 80F926B3F3B6176093DFECC1 /* Pods_MusincClient2.framework */; };
/* End PBXBuildFile section */

/* Begin PBXContainerItemProxy section */
		268C0745294247030054EED7 /* PBXContainerItemProxy */ = {
			isa = PBXContainerItemProxy;
			containerPortal = 268C072C294246FF0054EED7 /* Project object */;
			proxyType = 1;
			remoteGlobalIDString = 268C0733294246FF0054EED7;
			remoteInfo = MusincClient2;
		};
		268C074F294247040054EED7 /* PBXContainerItemProxy */ = {
			isa = PBXContainerItemProxy;
			containerPortal = 268C072C294246FF0054EED7 /* Project object */;
			proxyType = 1;
			remoteGlobalIDString = 268C0733294246FF0054EED7;
			remoteInfo = MusincClient2;
		};
/* End PBXContainerItemProxy section */

/* Begin PBXFileReference section */
		2680070E2943BBE500554EAF /* Info.plist */ = {isa = PBXFileReference; lastKnownFileType = text.plist; path = Info.plist; sourceTree = "<group>"; };
		2680070F2943BE7600554EAF /* Socket.swift */ = {isa = PBXFileReference; lastKnownFileType = sourcecode.swift; path = Socket.swift; sourceTree = "<group>"; };
		268B96792943D36600E0FF3F /* README.md */ = {isa = PBXFileReference; lastKnownFileType = net.daringfireball.markdown; path = README.md; sourceTree = "<group>"; };
		268C0734294246FF0054EED7 /* MusincClient2.app */ = {isa = PBXFileReference; explicitFileType = wrapper.application; includeInIndex = 0; path = MusincClient2.app; sourceTree = BUILT_PRODUCTS_DIR; };
		268C0737294246FF0054EED7 /* MusincClient2App.swift */ = {isa = PBXFileReference; lastKnownFileType = sourcecode.swift; path = MusincClient2App.swift; sourceTree = "<group>"; };
		268C0739294246FF0054EED7 /* ContentView.swift */ = {isa = PBXFileReference; lastKnownFileType = sourcecode.swift; path = ContentView.swift; sourceTree = "<group>"; };
		268C073B294247030054EED7 /* Assets.xcassets */ = {isa = PBXFileReference; lastKnownFileType = folder.assetcatalog; path = Assets.xcassets; sourceTree = "<group>"; };
		268C073E294247030054EED7 /* Preview Assets.xcassets */ = {isa = PBXFileReference; lastKnownFileType = folder.assetcatalog; path = "Preview Assets.xcassets"; sourceTree = "<group>"; };
		268C0744294247030054EED7 /* MusincClient2Tests.xctest */ = {isa = PBXFileReference; explicitFileType = wrapper.cfbundle; includeInIndex = 0; path = MusincClient2Tests.xctest; sourceTree = BUILT_PRODUCTS_DIR; };
		268C0748294247030054EED7 /* MusincClient2Tests.swift */ = {isa = PBXFileReference; lastKnownFileType = sourcecode.swift; path = MusincClient2Tests.swift; sourceTree = "<group>"; };
		268C074E294247040054EED7 /* MusincClient2UITests.xctest */ = {isa = PBXFileReference; explicitFileType = wrapper.cfbundle; includeInIndex = 0; path = MusincClient2UITests.xctest; sourceTree = BUILT_PRODUCTS_DIR; };
		268C0752294247040054EED7 /* MusincClient2UITests.swift */ = {isa = PBXFileReference; lastKnownFileType = sourcecode.swift; path = MusincClient2UITests.swift; sourceTree = "<group>"; };
		268C0754294247040054EED7 /* MusincClient2UITestsLaunchTests.swift */ = {isa = PBXFileReference; lastKnownFileType = sourcecode.swift; path = MusincClient2UITestsLaunchTests.swift; sourceTree = "<group>"; };
		80F926B3F3B6176093DFECC1 /* Pods_MusincClient2.framework */ = {isa = PBXFileReference; explicitFileType = wrapper.framework; includeInIndex = 0; path = Pods_MusincClient2.framework; sourceTree = BUILT_PRODUCTS_DIR; };
		A43CF2BC7E85D2B38055582C /* Pods-MusincClient2.release.xcconfig */ = {isa = PBXFileReference; includeInIndex = 1; lastKnownFileType = text.xcconfig; name = "Pods-MusincClient2.release.xcconfig"; path = "Target Support Files/Pods-MusincClient2/Pods-MusincClient2.release.xcconfig"; sourceTree = "<group>"; };
		E8B5AB8BDCF160A234A47CCD /* Pods-MusincClient2.debug.xcconfig */ = {isa = PBXFileReference; includeInIndex = 1; lastKnownFileType = text.xcconfig; name = "Pods-MusincClient2.debug.xcconfig"; path = "Target Support Files/Pods-MusincClient2/Pods-MusincClient2.debug.xcconfig"; sourceTree = "<group>"; };
/* End PBXFileReference section */

/* Begin PBXFrameworksBuildPhase section */
		268C0731294246FF0054EED7 /* Frameworks */ = {
			isa = PBXFrameworksBuildPhase;
			buildActionMask = 2147483647;
			files = (
				FE7B59CD9F5E3413F195FA2F /* Pods_MusincClient2.framework in Frameworks */,
			);
			runOnlyForDeploymentPostprocessing = 0;
		};
		268C0741294247030054EED7 /* Frameworks */ = {
			isa = PBXFrameworksBuildPhase;
			buildActionMask = 2147483647;
			files = (
			);
			runOnlyForDeploymentPostprocessing = 0;
		};
		268C074B294247040054EED7 /* Frameworks */ = {
			isa = PBXFrameworksBuildPhase;
			buildActionMask = 2147483647;
			files = (
			);
			runOnlyForDeploymentPostprocessing = 0;
		};
/* End PBXFrameworksBuildPhase section */

/* Begin PBXGroup section */
		268C072B294246FF0054EED7 = {
			isa = PBXGroup;
			children = (
				268B96792943D36600E0FF3F /* README.md */,
				268C0736294246FF0054EED7 /* MusincClient2 */,
				268C0747294247030054EED7 /* MusincClient2Tests */,
				268C0751294247040054EED7 /* MusincClient2UITests */,
				268C0735294246FF0054EED7 /* Products */,
				E12230DBDD9B76336A022F00 /* Pods */,
				8FAC0EE370FBF5487BEFE054 /* Frameworks */,
			);
			sourceTree = "<group>";
		};
		268C0735294246FF0054EED7 /* Products */ = {
			isa = PBXGroup;
			children = (
				268C0734294246FF0054EED7 /* MusincClient2.app */,
				268C0744294247030054EED7 /* MusincClient2Tests.xctest */,
				268C074E294247040054EED7 /* MusincClient2UITests.xctest */,
			);
			name = Products;
			sourceTree = "<group>";
		};
		268C0736294246FF0054EED7 /* MusincClient2 */ = {
			isa = PBXGroup;
			children = (
				2680070E2943BBE500554EAF /* Info.plist */,
				268C0737294246FF0054EED7 /* MusincClient2App.swift */,
				268C0739294246FF0054EED7 /* ContentView.swift */,
				2680070F2943BE7600554EAF /* Socket.swift */,
				268C073B294247030054EED7 /* Assets.xcassets */,
				268C073D294247030054EED7 /* Preview Content */,
			);
			path = MusincClient2;
			sourceTree = "<group>";
		};
		268C073D294247030054EED7 /* Preview Content */ = {
			isa = PBXGroup;
			children = (
				268C073E294247030054EED7 /* Preview Assets.xcassets */,
			);
			path = "Preview Content";
			sourceTree = "<group>";
		};
		268C0747294247030054EED7 /* MusincClient2Tests */ = {
			isa = PBXGroup;
			children = (
				268C0748294247030054EED7 /* MusincClient2Tests.swift */,
			);
			path = MusincClient2Tests;
			sourceTree = "<group>";
		};
		268C0751294247040054EED7 /* MusincClient2UITests */ = {
			isa = PBXGroup;
			children = (
				268C0752294247040054EED7 /* MusincClient2UITests.swift */,
				268C0754294247040054EED7 /* MusincClient2UITestsLaunchTests.swift */,
			);
			path = MusincClient2UITests;
			sourceTree = "<group>";
		};
		8FAC0EE370FBF5487BEFE054 /* Frameworks */ = {
			isa = PBXGroup;
			children = (
				80F926B3F3B6176093DFECC1 /* Pods_MusincClient2.framework */,
			);
			name = Frameworks;
			sourceTree = "<group>";
		};
		E12230DBDD9B76336A022F00 /* Pods */ = {
			isa = PBXGroup;
			children = (
				E8B5AB8BDCF160A234A47CCD /* Pods-MusincClient2.debug.xcconfig */,
				A43CF2BC7E85D2B38055582C /* Pods-MusincClient2.release.xcconfig */,
			);
			path = Pods;
			sourceTree = "<group>";
		};
/* End PBXGroup section */

/* Begin PBXNativeTarget section */
		268C0733294246FF0054EED7 /* MusincClient2 */ = {
			isa = PBXNativeTarget;
			buildConfigurationList = 268C0758294247040054EED7 /* Build configuration list for PBXNativeTarget "MusincClient2" */;
			buildPhases = (
				B9EC29C621060FF4FBC61302 /* [CP] Check Pods Manifest.lock */,
				268C0730294246FF0054EED7 /* Sources */,
				268C0731294246FF0054EED7 /* Frameworks */,
				268C0732294246FF0054EED7 /* Resources */,
				71FD46111CB7CEEF6A661AF7 /* [CP] Embed Pods Frameworks */,
			);
			buildRules = (
			);
			dependencies = (
			);
			name = MusincClient2;
			productName = MusincClient2;
			productReference = 268C0734294246FF0054EED7 /* MusincClient2.app */;
			productType = "com.apple.product-type.application";
		};
		268C0743294247030054EED7 /* MusincClient2Tests */ = {
			isa = PBXNativeTarget;
			buildConfigurationList = 268C075B294247040054EED7 /* Build configuration list for PBXNativeTarget "MusincClient2Tests" */;
			buildPhases = (
				268C0740294247030054EED7 /* Sources */,
				268C0741294247030054EED7 /* Frameworks */,
				268C0742294247030054EED7 /* Resources */,
			);
			buildRules = (
			);
			dependencies = (
				268C0746294247030054EED7 /* PBXTargetDependency */,
			);
			name = MusincClient2Tests;
			productName = MusincClient2Tests;
			productReference = 268C0744294247030054EED7 /* MusincClient2Tests.xctest */;
			productType = "com.apple.product-type.bundle.unit-test";
		};
		268C074D294247040054EED7 /* MusincClient2UITests */ = {
			isa = PBXNativeTarget;
			buildConfigurationList = 268C075E294247040054EED7 /* Build configuration list for PBXNativeTarget "MusincClient2UITests" */;
			buildPhases = (
				268C074A294247040054EED7 /* Sources */,
				268C074B294247040054EED7 /* Frameworks */,
				268C074C294247040054EED7 /* Resources */,
			);
			buildRules = (
			);
			dependencies = (
				268C0750294247040054EED7 /* PBXTargetDependency */,
			);
			name = MusincClient2UITests;
			productName = MusincClient2UITests;
			productReference = 268C074E294247040054EED7 /* MusincClient2UITests.xctest */;
			productType = "com.apple.product-type.bundle.ui-testing";
		};
/* End PBXNativeTarget section */

/* Begin PBXProject section */
		268C072C294246FF0054EED7 /* Project object */ = {
			isa = PBXProject;
			attributes = {
				BuildIndependentTargetsInParallel = 1;
				LastSwiftUpdateCheck = 1410;
				LastUpgradeCheck = 1410;
				TargetAttributes = {
					268C0733294246FF0054EED7 = {
						CreatedOnToolsVersion = 14.1;
					};
					268C0743294247030054EED7 = {
						CreatedOnToolsVersion = 14.1;
						TestTargetID = 268C0733294246FF0054EED7;
					};
					268C074D294247040054EED7 = {
						CreatedOnToolsVersion = 14.1;
						TestTargetID = 268C0733294246FF0054EED7;
					};
				};
			};
			buildConfigurationList = 268C072F294246FF0054EED7 /* Build configuration list for PBXProject "MusincClient2" */;
			compatibilityVersion = "Xcode 14.0";
			developmentRegion = en;
			hasScannedForEncodings = 0;
			knownRegions = (
				en,
				Base,
			);
			mainGroup = 268C072B294246FF0054EED7;
			productRefGroup = 268C0735294246FF0054EED7 /* Products */;
			projectDirPath = "";
			projectRoot = "";
			targets = (
				268C0733294246FF0054EED7 /* MusincClient2 */,
				268C0743294247030054EED7 /* MusincClient2Tests */,
				268C074D294247040054EED7 /* MusincClient2UITests */,
			);
		};
/* End PBXProject section */

/* Begin PBXResourcesBuildPhase section */
		268C0732294246FF0054EED7 /* Resources */ = {
			isa = PBXResourcesBuildPhase;
			buildActionMask = 2147483647;
			files = (
				268C073F294247030054EED7 /* Preview Assets.xcassets in Resources */,
				268C073C294247030054EED7 /* Assets.xcassets in Resources */,
			);
			runOnlyForDeploymentPostprocessing = 0;
		};
		268C0742294247030054EED7 /* Resources */ = {
			isa = PBXResourcesBuildPhase;
			buildActionMask = 2147483647;
			files = (
			);
			runOnlyForDeploymentPostprocessing = 0;
		};
		268C074C294247040054EED7 /* Resources */ = {
			isa = PBXResourcesBuildPhase;
			buildActionMask = 2147483647;
			files = (
			);
			runOnlyForDeploymentPostprocessing = 0;
		};
/* End PBXResourcesBuildPhase section */

/* Begin PBXShellScriptBuildPhase section */
		71FD46111CB7CEEF6A661AF7 /* [CP] Embed Pods Frameworks */ = {
			isa = PBXShellScriptBuildPhase;
			buildActionMask = 2147483647;
			files = (
			);
			inputFileListPaths = (
				"${PODS_ROOT}/Target Support Files/Pods-MusincClient2/Pods-MusincClient2-frameworks-${CONFIGURATION}-input-files.xcfilelist",
			);
			name = "[CP] Embed Pods Frameworks";
			outputFileListPaths = (
				"${PODS_ROOT}/Target Support Files/Pods-MusincClient2/Pods-MusincClient2-frameworks-${CONFIGURATION}-output-files.xcfilelist",
			);
			runOnlyForDeploymentPostprocessing = 0;
			shellPath = /bin/sh;
			shellScript = "\"${PODS_ROOT}/Target Support Files/Pods-MusincClient2/Pods-MusincClient2-frameworks.sh\"\n";
			showEnvVarsInLog = 0;
		};
		B9EC29C621060FF4FBC61302 /* [CP] Check Pods Manifest.lock */ = {
			isa = PBXShellScriptBuildPhase;
			buildActionMask = 2147483647;
			files = (
			);
			inputFileListPaths = (
			);
			inputPaths = (
				"${PODS_PODFILE_DIR_PATH}/Podfile.lock",
				"${PODS_ROOT}/Manifest.lock",
			);
			name = "[CP] Check Pods Manifest.lock";
			outputFileListPaths = (
			);
			outputPaths = (
				"$(DERIVED_FILE_DIR)/Pods-MusincClient2-checkManifestLockResult.txt",
			);
			runOnlyForDeploymentPostprocessing = 0;
			shellPath = /bin/sh;
			shellScript = "diff \"${PODS_PODFILE_DIR_PATH}/Podfile.lock\" \"${PODS_ROOT}/Manifest.lock\" > /dev/null\nif [ $? != 0 ] ; then\n    # print error to STDERR\n    echo \"error: The sandbox is not in sync with the Podfile.lock. Run 'pod install' or update your CocoaPods installation.\" >&2\n    exit 1\nfi\n# This output is used by Xcode 'outputs' to avoid re-running this script phase.\necho \"SUCCESS\" > \"${SCRIPT_OUTPUT_FILE_0}\"\n";
			showEnvVarsInLog = 0;
		};
/* End PBXShellScriptBuildPhase section */

/* Begin PBXSourcesBuildPhase section */
		268C0730294246FF0054EED7 /* Sources */ = {
			isa = PBXSourcesBuildPhase;
			buildActionMask = 2147483647;
			files = (
				268C073A294246FF0054EED7 /* ContentView.swift in Sources */,
				268C0738294246FF0054EED7 /* MusincClient2App.swift in Sources */,
				268007102943BE7600554EAF /* Socket.swift in Sources */,
			);
			runOnlyForDeploymentPostprocessing = 0;
		};
		268C0740294247030054EED7 /* Sources */ = {
			isa = PBXSourcesBuildPhase;
			buildActionMask = 2147483647;
			files = (
				268C0749294247030054EED7 /* MusincClient2Tests.swift in Sources */,
			);
			runOnlyForDeploymentPostprocessing = 0;
		};
		268C074A294247040054EED7 /* Sources */ = {
			isa = PBXSourcesBuildPhase;
			buildActionMask = 2147483647;
			files = (
				268C0753294247040054EED7 /* MusincClient2UITests.swift in Sources */,
				268C0755294247040054EED7 /* MusincClient2UITestsLaunchTests.swift in Sources */,
			);
			runOnlyForDeploymentPostprocessing = 0;
		};
/* End PBXSourcesBuildPhase section */

/* Begin PBXTargetDependency section */
		268C0746294247030054EED7 /* PBXTargetDependency */ = {
			isa = PBXTargetDependency;
			target = 268C0733294246FF0054EED7 /* MusincClient2 */;
			targetProxy = 268C0745294247030054EED7 /* PBXContainerItemProxy */;
		};
		268C0750294247040054EED7 /* PBXTargetDependency */ = {
			isa = PBXTargetDependency;
			target = 268C0733294246FF0054EED7 /* MusincClient2 */;
			targetProxy = 268C074F294247040054EED7 /* PBXContainerItemProxy */;
		};
/* End PBXTargetDependency section */

/* Begin XCBuildConfiguration section */
		268C0756294247040054EED7 /* Debug */ = {
			isa = XCBuildConfiguration;
			buildSettings = {
				ALWAYS_SEARCH_USER_PATHS = NO;
				CLANG_ANALYZER_NONNULL = YES;
				CLANG_ANALYZER_NUMBER_OBJECT_CONVERSION = YES_AGGRESSIVE;
				CLANG_CXX_LANGUAGE_STANDARD = "gnu++20";
				CLANG_ENABLE_MODULES = YES;
				CLANG_ENABLE_OBJC_ARC = YES;
				CLANG_ENABLE_OBJC_WEAK = YES;
				CLANG_WARN_BLOCK_CAPTURE_AUTORELEASING = YES;
				CLANG_WARN_BOOL_CONVERSION = YES;
				CLANG_WARN_COMMA = YES;
				CLANG_WARN_CONSTANT_CONVERSION = YES;
				CLANG_WARN_DEPRECATED_OBJC_IMPLEMENTATIONS = YES;
				CLANG_WARN_DIRECT_OBJC_ISA_USAGE = YES_ERROR;
				CLANG_WARN_DOCUMENTATION_COMMENTS = YES;
				CLANG_WARN_EMPTY_BODY = YES;
				CLANG_WARN_ENUM_CONVERSION = YES;
				CLANG_WARN_INFINITE_RECURSION = YES;
				CLANG_WARN_INT_CONVERSION = YES;
				CLANG_WARN_NON_LITERAL_NULL_CONVERSION = YES;
				CLANG_WARN_OBJC_IMPLICIT_RETAIN_SELF = YES;
				CLANG_WARN_OBJC_LITERAL_CONVERSION = YES;
				CLANG_WARN_OBJC_ROOT_CLASS = YES_ERROR;
				CLANG_WARN_QUOTED_INCLUDE_IN_FRAMEWORK_HEADER = YES;
				CLANG_WARN_RANGE_LOOP_ANALYSIS = YES;
				CLANG_WARN_STRICT_PROTOTYPES = YES;
				CLANG_WARN_SUSPICIOUS_MOVE = YES;
				CLANG_WARN_UNGUARDED_AVAILABILITY = YES_AGGRESSIVE;
				CLANG_WARN_UNREACHABLE_CODE = YES;
				CLANG_WARN__DUPLICATE_METHOD_MATCH = YES;
				COPY_PHASE_STRIP = NO;
				DEBUG_INFORMATION_FORMAT = dwarf;
				ENABLE_STRICT_OBJC_MSGSEND = YES;
				ENABLE_TESTABILITY = YES;
				GCC_C_LANGUAGE_STANDARD = gnu11;
				GCC_DYNAMIC_NO_PIC = NO;
				GCC_NO_COMMON_BLOCKS = YES;
				GCC_OPTIMIZATION_LEVEL = 0;
				GCC_PREPROCESSOR_DEFINITIONS = (
					"DEBUG=1",
					"$(inherited)",
				);
				GCC_WARN_64_TO_32_BIT_CONVERSION = YES;
				GCC_WARN_ABOUT_RETURN_TYPE = YES_ERROR;
				GCC_WARN_UNDECLARED_SELECTOR = YES;
				GCC_WARN_UNINITIALIZED_AUTOS = YES_AGGRESSIVE;
				GCC_WARN_UNUSED_FUNCTION = YES;
				GCC_WARN_UNUSED_VARIABLE = YES;
				IPHONEOS_DEPLOYMENT_TARGET = 16.1;
				MTL_ENABLE_DEBUG_INFO = INCLUDE_SOURCE;
				MTL_FAST_MATH = YES;
				ONLY_ACTIVE_ARCH = YES;
				SDKROOT = iphoneos;
				SWIFT_ACTIVE_COMPILATION_CONDITIONS = DEBUG;
				SWIFT_OPTIMIZATION_LEVEL = "-Onone";
			};
			name = Debug;
		};
		268C0757294247040054EED7 /* Release */ = {
			isa = XCBuildConfiguration;
			buildSettings = {
				ALWAYS_SEARCH_USER_PATHS = NO;
				CLANG_ANALYZER_NONNULL = YES;
				CLANG_ANALYZER_NUMBER_OBJECT_CONVERSION = YES_AGGRESSIVE;
				CLANG_CXX_LANGUAGE_STANDARD = "gnu++20";
				CLANG_ENABLE_MODULES = YES;
				CLANG_ENABLE_OBJC_ARC = YES;
				CLANG_ENABLE_OBJC_WEAK = YES;
				CLANG_WARN_BLOCK_CAPTURE_AUTORELEASING = YES;
				CLANG_WARN_BOOL_CONVERSION = YES;
				CLANG_WARN_COMMA = YES;
				CLANG_WARN_CONSTANT_CONVERSION = YES;
				CLANG_WARN_DEPRECATED_OBJC_IMPLEMENTATIONS = YES;
				CLANG_WARN_DIRECT_OBJC_ISA_USAGE = YES_ERROR;
				CLANG_WARN_DOCUMENTATION_COMMENTS = YES;
				CLANG_WARN_EMPTY_BODY = YES;
				CLANG_WARN_ENUM_CONVERSION = YES;
				CLANG_WARN_INFINITE_RECURSION = YES;
				CLANG_WARN_INT_CONVERSION = YES;
				CLANG_WARN_NON_LITERAL_NULL_CONVERSION = YES;
				CLANG_WARN_OBJC_IMPLICIT_RETAIN_SELF = YES;
				CLANG_WARN_OBJC_LITERAL_CONVERSION = YES;
				CLANG_WARN_OBJC_ROOT_CLASS = YES_ERROR;
				CLANG_WARN_QUOTED_INCLUDE_IN_FRAMEWORK_HEADER = YES;
				CLANG_WARN_RANGE_LOOP_ANALYSIS = YES;
				CLANG_WARN_STRICT_PROTOTYPES = YES;
				CLANG_WARN_SUSPICIOUS_MOVE = YES;
				CLANG_WARN_UNGUARDED_AVAILABILITY = YES_AGGRESSIVE;
				CLANG_WARN_UNREACHABLE_CODE = YES;
				CLANG_WARN__DUPLICATE_METHOD_MATCH = YES;
				COPY_PHASE_STRIP = NO;
				DEBUG_INFORMATION_FORMAT = "dwarf-with-dsym";
				ENABLE_NS_ASSERTIONS = NO;
				ENABLE_STRICT_OBJC_MSGSEND = YES;
				GCC_C_LANGUAGE_STANDARD = gnu11;
				GCC_NO_COMMON_BLOCKS = YES;
				GCC_WARN_64_TO_32_BIT_CONVERSION = YES;
				GCC_WARN_ABOUT_RETURN_TYPE = YES_ERROR;
				GCC_WARN_UNDECLARED_SELECTOR = YES;
				GCC_WARN_UNINITIALIZED_AUTOS = YES_AGGRESSIVE;
				GCC_WARN_UNUSED_FUNCTION = YES;
				GCC_WARN_UNUSED_VARIABLE = YES;
				IPHONEOS_DEPLOYMENT_TARGET = 16.1;
				MTL_ENABLE_DEBUG_INFO = NO;
				MTL_FAST_MATH = YES;
				SDKROOT = iphoneos;
				SWIFT_COMPILATION_MODE = wholemodule;
				SWIFT_OPTIMIZATION_LEVEL = "-O";
				VALIDATE_PRODUCT = YES;
			};
			name = Release;
		};
		268C0759294247040054EED7 /* Debug */ = {
			isa = XCBuildConfiguration;
			baseConfigurationReference = E8B5AB8BDCF160A234A47CCD /* Pods-MusincClient2.debug.xcconfig */;
			buildSettings = {
				ASSETCATALOG_COMPILER_APPICON_NAME = AppIcon;
				"ASSETCATALOG_COMPILER_APPICON_NAME[sdk=iphoneos*]" = AppIcon;
				ASSETCATALOG_COMPILER_GLOBAL_ACCENT_COLOR_NAME = AccentColor;
				ASSETCATALOG_COMPILER_INCLUDE_ALL_APPICON_ASSETS = YES;
				CODE_SIGN_STYLE = Automatic;
				CURRENT_PROJECT_VERSION = 1;
				DEVELOPMENT_ASSET_PATHS = "\"MusincClient2/Preview Content\"";
				DEVELOPMENT_TEAM = NGKBA59AMX;
				ENABLE_PREVIEWS = YES;
				GENERATE_INFOPLIST_FILE = YES;
				INFOPLIST_FILE = MusincClient2/Info.plist;
				INFOPLIST_KEY_CFBundleDisplayName = Musinc;
				INFOPLIST_KEY_LSApplicationCategoryType = "public.app-category.music";
				INFOPLIST_KEY_UIApplicationSceneManifest_Generation = YES;
				INFOPLIST_KEY_UIApplicationSupportsIndirectInputEvents = YES;
				INFOPLIST_KEY_UILaunchScreen_Generation = YES;
				INFOPLIST_KEY_UIStatusBarStyle = "";
				INFOPLIST_KEY_UISupportedInterfaceOrientations = UIInterfaceOrientationPortrait;
				INFOPLIST_KEY_UISupportedInterfaceOrientations_iPad = "UIInterfaceOrientationLandscapeLeft UIInterfaceOrientationLandscapeRight UIInterfaceOrientationPortrait UIInterfaceOrientationPortraitUpsideDown";
				IPHONEOS_DEPLOYMENT_TARGET = 15.5;
				LD_RUNPATH_SEARCH_PATHS = (
					"$(inherited)",
					"@executable_path/Frameworks",
				);
				MARKETING_VERSION = 1.0;
				PRODUCT_BUNDLE_IDENTIFIER = xyz.skaerf.MusincClient2;
				PRODUCT_NAME = "$(TARGET_NAME)";
				SWIFT_EMIT_LOC_STRINGS = YES;
				SWIFT_VERSION = 5.0;
				TARGETED_DEVICE_FAMILY = "1,2";
			};
			name = Debug;
		};
		268C075A294247040054EED7 /* Release */ = {
			isa = XCBuildConfiguration;
			baseConfigurationReference = A43CF2BC7E85D2B38055582C /* Pods-MusincClient2.release.xcconfig */;
			buildSettings = {
				ASSETCATALOG_COMPILER_APPICON_NAME = AppIcon;
				ASSETCATALOG_COMPILER_GLOBAL_ACCENT_COLOR_NAME = AccentColor;
				ASSETCATALOG_COMPILER_INCLUDE_ALL_APPICON_ASSETS = YES;
				CODE_SIGN_STYLE = Automatic;
				CURRENT_PROJECT_VERSION = 1;
				DEVELOPMENT_ASSET_PATHS = "\"MusincClient2/Preview Content\"";
				DEVELOPMENT_TEAM = NGKBA59AMX;
				ENABLE_PREVIEWS = YES;
				GENERATE_INFOPLIST_FILE = YES;
				INFOPLIST_FILE = MusincClient2/Info.plist;
				INFOPLIST_KEY_CFBundleDisplayName = Musinc;
				INFOPLIST_KEY_LSApplicationCategoryType = "public.app-category.music";
				INFOPLIST_KEY_UIApplicationSceneManifest_Generation = YES;
				INFOPLIST_KEY_UIApplicationSupportsIndirectInputEvents = YES;
				INFOPLIST_KEY_UILaunchScreen_Generation = YES;
				INFOPLIST_KEY_UIStatusBarStyle = "";
				INFOPLIST_KEY_UISupportedInterfaceOrientations = UIInterfaceOrientationPortrait;
				INFOPLIST_KEY_UISupportedInterfaceOrientations_iPad = "UIInterfaceOrientationLandscapeLeft UIInterfaceOrientationLandscapeRight UIInterfaceOrientationPortrait UIInterfaceOrientationPortraitUpsideDown";
				IPHONEOS_DEPLOYMENT_TARGET = 15.5;
				LD_RUNPATH_SEARCH_PATHS = (
					"$(inherited)",
					"@executable_path/Frameworks",
				);
				MARKETING_VERSION = 1.0;
				PRODUCT_BUNDLE_IDENTIFIER = xyz.skaerf.MusincClient2;
				PRODUCT_NAME = "$(TARGET_NAME)";
				SWIFT_EMIT_LOC_STRINGS = YES;
				SWIFT_VERSION = 5.0;
				TARGETED_DEVICE_FAMILY = "1,2";
			};
			name = Release;
		};
		268C075C294247040054EED7 /* Debug */ = {
			isa = XCBuildConfiguration;
			buildSettings = {
				ALWAYS_EMBED_SWIFT_STANDARD_LIBRARIES = YES;
				BUNDLE_LOADER = "$(TEST_HOST)";
				CODE_SIGN_STYLE = Automatic;
				CURRENT_PROJECT_VERSION = 1;
				DEVELOPMENT_TEAM = NGKBA59AMX;
				GENERATE_INFOPLIST_FILE = YES;
				IPHONEOS_DEPLOYMENT_TARGET = 16.1;
				MARKETING_VERSION = 1.0;
				PRODUCT_BUNDLE_IDENTIFIER = xyz.skaerf.MusincClient2Tests;
				PRODUCT_NAME = "$(TARGET_NAME)";
				SWIFT_EMIT_LOC_STRINGS = NO;
				SWIFT_VERSION = 5.0;
				TARGETED_DEVICE_FAMILY = "1,2";
				TEST_HOST = "$(BUILT_PRODUCTS_DIR)/MusincClient2.app/$(BUNDLE_EXECUTABLE_FOLDER_PATH)/MusincClient2";
			};
			name = Debug;
		};
		268C075D294247040054EED7 /* Release */ = {
			isa = XCBuildConfiguration;
			buildSettings = {
				ALWAYS_EMBED_SWIFT_STANDARD_LIBRARIES = YES;
				BUNDLE_LOADER = "$(TEST_HOST)";
				CODE_SIGN_STYLE = Automatic;
				CURRENT_PROJECT_VERSION = 1;
				DEVELOPMENT_TEAM = NGKBA59AMX;
				GENERATE_INFOPLIST_FILE = YES;
				IPHONEOS_DEPLOYMENT_TARGET = 16.1;
				MARKETING_VERSION = 1.0;
				PRODUCT_BUNDLE_IDENTIFIER = xyz.skaerf.MusincClient2Tests;
				PRODUCT_NAME = "$(TARGET_NAME)";
				SWIFT_EMIT_LOC_STRINGS = NO;
				SWIFT_VERSION = 5.0;
				TARGETED_DEVICE_FAMILY = "1,2";
				TEST_HOST = "$(BUILT_PRODUCTS_DIR)/MusincClient2.app/$(BUNDLE_EXECUTABLE_FOLDER_PATH)/MusincClient2";
			};
			name = Release;
		};
		268C075F294247040054EED7 /* Debug */ = {
			isa = XCBuildConfiguration;
			buildSettings = {
				ALWAYS_EMBED_SWIFT_STANDARD_LIBRARIES = YES;
				CODE_SIGN_STYLE = Automatic;
				CURRENT_PROJECT_VERSION = 1;
				DEVELOPMENT_TEAM = NGKBA59AMX;
				GENERATE_INFOPLIST_FILE = YES;
				MARKETING_VERSION = 1.0;
				PRODUCT_BUNDLE_IDENTIFIER = xyz.skaerf.MusincClient2UITests;
				PRODUCT_NAME = "$(TARGET_NAME)";
				SWIFT_EMIT_LOC_STRINGS = NO;
				SWIFT_VERSION = 5.0;
				TARGETED_DEVICE_FAMILY = "1,2";
				TEST_TARGET_NAME = MusincClient2;
			};
			name = Debug;
		};
		268C0760294247040054EED7 /* Release */ = {
			isa = XCBuildConfiguration;
			buildSettings = {
				ALWAYS_EMBED_SWIFT_STANDARD_LIBRARIES = YES;
				CODE_SIGN_STYLE = Automatic;
				CURRENT_PROJECT_VERSION = 1;
				DEVELOPMENT_TEAM = NGKBA59AMX;
				GENERATE_INFOPLIST_FILE = YES;
				MARKETING_VERSION = 1.0;
				PRODUCT_BUNDLE_IDENTIFIER = xyz.skaerf.MusincClient2UITests;
				PRODUCT_NAME = "$(TARGET_NAME)";
				SWIFT_EMIT_LOC_STRINGS = NO;
				SWIFT_VERSION = 5.0;
				TARGETED_DEVICE_FAMILY = "1,2";
				TEST_TARGET_NAME = MusincClient2;
			};
			name = Release;
		};
/* End XCBuildConfiguration section */

/* Begin XCConfigurationList section */
		268C072F294246FF0054EED7 /* Build configuration list for PBXProject "MusincClient2" */ = {
			isa = XCConfigurationList;
			buildConfigurations = (
				268C0756294247040054EED7 /* Debug */,
				268C0757294247040054EED7 /* Release */,
			);
			defaultConfigurationIsVisible = 0;
			defaultConfigurationName = Release;
		};
		268C0758294247040054EED7 /* Build configuration list for PBXNativeTarget "MusincClient2" */ = {
			isa = XCConfigurationList;
			buildConfigurations = (
				268C0759294247040054EED7 /* Debug */,
				268C075A294247040054EED7 /* Release */,
			);
			defaultConfigurationIsVisible = 0;
			defaultConfigurationName = Release;
		};
		268C075B294247040054EED7 /* Build configuration list for PBXNativeTarget "MusincClient2Tests" */ = {
			isa = XCConfigurationList;
			buildConfigurations = (
				268C075C294247040054EED7 /* Debug */,
				268C075D294247040054EED7 /* Release */,
			);
			defaultConfigurationIsVisible = 0;
			defaultConfigurationName = Release;
		};
		268C075E294247040054EED7 /* Build configuration list for PBXNativeTarget "MusincClient2UITests" */ = {
			isa = XCConfigurationList;
			buildConfigurations = (
				268C075F294247040054EED7 /* Debug */,
				268C0760294247040054EED7 /* Release */,
			);
			defaultConfigurationIsVisible = 0;
			defaultConfigurationName = Release;
		};
/* End XCConfigurationList section */
	};
	rootObject = 268C072C294246FF0054EED7 /* Project object */;
}
